<?xml version="1.0" encoding="utf-8"?>
<Project ToolsVersion="4.0" xmlns="http://schemas.microsoft.com/developer/msbuild/2003">
  <ItemGroup>
    <Filter Include="Source Files">
      <UniqueIdentifier>{4FC737F1-C7A5-4376-A066-2A32D752A2FF}</UniqueIdentifier>
      <Extensions>cpp;c;cc;cxx;c++;cppm;ixx;def;odl;idl;hpj;bat;asm;asmx</Extensions>
    </Filter>
    <Filter Include="Header Files">
      <UniqueIdentifier>{93995380-89BD-4b04-88EB-625FBE52EBFB}</UniqueIdentifier>
      <Extensions>h;hh;hpp;hxx;h++;hm;inl;inc;ipp;xsd</Extensions>
    </Filter>
  </ItemGroup>
  <ItemGroup>
    <ClCompile Include="src\main.cpp">
      <Filter>Source Files</Filter>
    </ClCompile>
    <ClCompile Include="src\grid.cpp">
      <Filter>Source Files</Filter>
    </ClCompile>
    <ClCompile Include="src\simulation.cpp">
      <Filter>Source Files</Filter>
    </ClCompile>
    <ClCompile Include="src\sdl_util.cpp">
      <Filter>Source Files</Filter>
    </ClCompile>
    <ClCompile Include="src\brush.cpp">
      <Filter>Source Files</Filter>
    </ClCompile>
    <ClCompile Include="src\color.cpp">
      <Filter>Source Files</Filter>
    </ClCompile>
    <ClCompile Include="tracy-0.11.1\public\TracyClient.cpp">
      <Filter>Source Files</Filter>
    </ClCompile>
    <ClCompile Include="src\particle_selector_ui.cpp">
      <Filter>Source Files</Filter>
    </ClCompile>
    <ClCompile Include="src\image_loader.cpp">
      <Filter>Source Files</Filter>
    </ClCompile>
  </ItemGroup>
  <ItemGroup>
    <CopyFileToFolders Include="SDL2-2.30.7\lib\x64\SDL2.dll" />
    <CopyFileToFolders Include="oneapi-tbb-2022.0.0\redist\intel64\vc14\tbb12.dll" />
    <CopyFileToFolders Include="oneapi-tbb-2022.0.0\redist\intel64\vc14\tbb12_debug.dll" />
  </ItemGroup>
  <ItemGroup>
    <ClInclude Include="src\grid.h">
      <Filter>Header Files</Filter>
    </ClInclude>
    <ClInclude Include="src\simulation.h">
      <Filter>Header Files</Filter>
    </ClInclude>
    <ClInclude Include="src\sdl_util.h">
      <Filter>Header Files</Filter>
    </ClInclude>
    <ClInclude Include="src\brush.h">
      <Filter>Header Files</Filter>
    </ClInclude>
    <ClInclude Include="src\color.h">
      <Filter>Header Files</Filter>
    </ClInclude>
    <ClInclude Include="src\particle_selector_ui.h">
      <Filter>Header Files</Filter>
    </ClInclude>
    <ClInclude Include="src\image_loader.h">
      <Filter>Header Files</Filter>
    </ClInclude>
  </ItemGroup>
  <ItemGroup>
    <None Include="oneapi-tbb-2022.0.0\.bazelversion" />
    <None Include="oneapi-tbb-2022.0.0\.gitattributes" />
    <None Include="oneapi-tbb-2022.0.0\.gitignore" />
    <None Include="oneapi-tbb-2022.0.0\Bazel.md" />
    <None Include="oneapi-tbb-2022.0.0\BUILD.bazel" />
    <None Include="oneapi-tbb-2022.0.0\CODE_OF_CONDUCT.md" />
    <None Include="oneapi-tbb-2022.0.0\CODEOWNERS" />
    <None Include="oneapi-tbb-2022.0.0\CONTRIBUTING.md" />
    <None Include="oneapi-tbb-2022.0.0\INSTALL.md" />
    <None Include="oneapi-tbb-2022.0.0\MODULE.bazel" />
    <None Include="oneapi-tbb-2022.0.0\MODULE.bazel.lock" />
    <None Include="oneapi-tbb-2022.0.0\README.md" />
    <None Include="oneapi-tbb-2022.0.0\RELEASE_NOTES.md" />
    <None Include="oneapi-tbb-2022.0.0\SECURITY.md" />
    <None Include="oneapi-tbb-2022.0.0\SUPPORT.md" />
    <None Include="oneapi-tbb-2022.0.0\SYSTEM_REQUIREMENTS.md" />
    <None Include="oneapi-tbb-2022.0.0\WASM_Support.md" />
    <None Include="oneapi-tbb-2022.0.0\WORKSPACE.bazel" />
  </ItemGroup>
  <ItemGroup>
    <Text Include="oneapi-tbb-2022.0.0\LICENSE.txt" />
    <Text Include="oneapi-tbb-2022.0.0\third-party-programs.txt" />
  </ItemGroup>
</Project>